// !$*UTF8*$!
{
	archiveVersion = 1;
	classes = {
	};
	objectVersion = 56;
	objects = {

/* Begin PBXBuildFile section */
		6245DB232F0E195100110439 /* HexagonAccessoryView.swift in Sources */ = {isa = PBXBuildFile; fileRef = 6245DB222F0E195100110439 /* HexagonAccessoryView.swift */; };
		6249F34F2F0D692D0076574F /* LockedBadgeView.swift in Sources */ = {isa = PBXBuildFile; fileRef = 6249F34E2F0D692D0076574F /* LockedBadgeView.swift */; };
		6249F3512F0D6BF00076574F /* UnlockedBadgeView.swift in Sources */ = {isa = PBXBuildFile; fileRef = 6249F3502F0D6BF00076574F /* UnlockedBadgeView.swift */; };
		6252EDF52F015FF00070511B /* MomentEntryView.swift in Sources */ = {isa = PBXBuildFile; fileRef = 6252EDF42F015FF00070511B /* MomentEntryView.swift */; };
		628B83EF2F0257A3006A0EA2 /* Moment.swift in Sources */ = {isa = PBXBuildFile; fileRef = 628B83EE2F0257A3006A0EA2 /* Moment.swift */; };
		628B83F12F025B67006A0EA2 /* DataContainer.swift in Sources */ = {isa = PBXBuildFile; fileRef = 628B83F02F025B67006A0EA2 /* DataContainer.swift */; };
		628B83F32F040958006A0EA2 /* MomentsView.swift in Sources */ = {isa = PBXBuildFile; fileRef = 628B83F22F040958006A0EA2 /* MomentsView.swift */; };
		628B83F52F04267E006A0EA2 /* MomentDetailView.swift in Sources */ = {isa = PBXBuildFile; fileRef = 628B83F42F04267E006A0EA2 /* MomentDetailView.swift */; };
		62DE51142ECC5B87008A7DEF /* GratefulMomentsApp.swift in Sources */ = {isa = PBXBuildFile; fileRef = 62DE51132ECC5B87008A7DEF /* GratefulMomentsApp.swift */; };
		62DE51162ECC5B87008A7DEF /* ContentView.swift in Sources */ = {isa = PBXBuildFile; fileRef = 62DE51152ECC5B87008A7DEF /* ContentView.swift */; };
		62DE51182ECC5B8B008A7DEF /* Assets.xcassets in Resources */ = {isa = PBXBuildFile; fileRef = 62DE51172ECC5B8B008A7DEF /* Assets.xcassets */; };
		62DE511B2ECC5B8B008A7DEF /* Preview Assets.xcassets in Resources */ = {isa = PBXBuildFile; fileRef = 62DE511A2ECC5B8B008A7DEF /* Preview Assets.xcassets */; };
		62F3F4E22F06A31900296DE9 /* Hexagon.swift in Sources */ = {isa = PBXBuildFile; fileRef = 62F3F4E12F06A31900296DE9 /* Hexagon.swift */; };
		62F3F4E42F06B45C00296DE9 /* HexagonLayout.swift in Sources */ = {isa = PBXBuildFile; fileRef = 62F3F4E32F06B45C00296DE9 /* HexagonLayout.swift */; };
		62F3F4E62F06B6B300296DE9 /* MomentHexagonView.swift in Sources */ = {isa = PBXBuildFile; fileRef = 62F3F4E52F06B6B300296DE9 /* MomentHexagonView.swift */; };
		62F5A1652F07FF52006ADC95 /* BadgeDetails.swift in Sources */ = {isa = PBXBuildFile; fileRef = 62F5A1642F07FF52006ADC95 /* BadgeDetails.swift */; };
		62F5A1672F08EBD2006ADC95 /* Badge.swift in Sources */ = {isa = PBXBuildFile; fileRef = 62F5A1662F08EBD2006ADC95 /* Badge.swift */; };
		62F5A1692F08EEEB006ADC95 /* BadgeDetailView.swift in Sources */ = {isa = PBXBuildFile; fileRef = 62F5A1682F08EEEB006ADC95 /* BadgeDetailView.swift */; };
		62F5A16B2F090D45006ADC95 /* BadgeManager.swift in Sources */ = {isa = PBXBuildFile; fileRef = 62F5A16A2F090D45006ADC95 /* BadgeManager.swift */; };
		62F5A16D2F0C1234006ADC95 /* AchievementsView.swift in Sources */ = {isa = PBXBuildFile; fileRef = 62F5A16C2F0C1234006ADC95 /* AchievementsView.swift */; };
/* End PBXBuildFile section */

/* Begin PBXFileReference section */
		6245DB222F0E195100110439 /* HexagonAccessoryView.swift */ = {isa = PBXFileReference; lastKnownFileType = sourcecode.swift; path = HexagonAccessoryView.swift; sourceTree = "<group>"; };
		6249F34E2F0D692D0076574F /* LockedBadgeView.swift */ = {isa = PBXFileReference; lastKnownFileType = sourcecode.swift; path = LockedBadgeView.swift; sourceTree = "<group>"; };
		6249F3502F0D6BF00076574F /* UnlockedBadgeView.swift */ = {isa = PBXFileReference; fileEncoding = 4; lastKnownFileType = sourcecode.swift; path = UnlockedBadgeView.swift; sourceTree = "<group>"; };
		6252EDF42F015FF00070511B /* MomentEntryView.swift */ = {isa = PBXFileReference; lastKnownFileType = sourcecode.swift; path = MomentEntryView.swift; sourceTree = "<group>"; };
		628B83EE2F0257A3006A0EA2 /* Moment.swift */ = {isa = PBXFileReference; lastKnownFileType = sourcecode.swift; path = Moment.swift; sourceTree = "<group>"; };
		628B83F02F025B67006A0EA2 /* DataContainer.swift */ = {isa = PBXFileReference; lastKnownFileType = sourcecode.swift; path = DataContainer.swift; sourceTree = "<group>"; };
		628B83F22F040958006A0EA2 /* MomentsView.swift */ = {isa = PBXFileReference; lastKnownFileType = sourcecode.swift; path = MomentsView.swift; sourceTree = "<group>"; };
		628B83F42F04267E006A0EA2 /* MomentDetailView.swift */ = {isa = PBXFileReference; lastKnownFileType = sourcecode.swift; path = MomentDetailView.swift; sourceTree = "<group>"; };
		62DE51102ECC5B87008A7DEF /* GratefulMoments.app */ = {isa = PBXFileReference; explicitFileType = wrapper.application; includeInIndex = 0; path = GratefulMoments.app; sourceTree = BUILT_PRODUCTS_DIR; };
		62DE51132ECC5B87008A7DEF /* GratefulMomentsApp.swift */ = {isa = PBXFileReference; lastKnownFileType = sourcecode.swift; path = GratefulMomentsApp.swift; sourceTree = "<group>"; };
		62DE51152ECC5B87008A7DEF /* ContentView.swift */ = {isa = PBXFileReference; lastKnownFileType = sourcecode.swift; path = ContentView.swift; sourceTree = "<group>"; };
		62DE51172ECC5B8B008A7DEF /* Assets.xcassets */ = {isa = PBXFileReference; lastKnownFileType = folder.assetcatalog; path = Assets.xcassets; sourceTree = "<group>"; };
		62DE511A2ECC5B8B008A7DEF /* Preview Assets.xcassets */ = {isa = PBXFileReference; lastKnownFileType = folder.assetcatalog; path = "Preview Assets.xcassets"; sourceTree = "<group>"; };
		62F3F4E12F06A31900296DE9 /* Hexagon.swift */ = {isa = PBXFileReference; lastKnownFileType = sourcecode.swift; path = Hexagon.swift; sourceTree = "<group>"; };
		62F3F4E32F06B45C00296DE9 /* HexagonLayout.swift */ = {isa = PBXFileReference; lastKnownFileType = sourcecode.swift; path = HexagonLayout.swift; sourceTree = "<group>"; };
		62F3F4E52F06B6B300296DE9 /* MomentHexagonView.swift */ = {isa = PBXFileReference; lastKnownFileType = sourcecode.swift; path = MomentHexagonView.swift; sourceTree = "<group>"; };
		62F5A1642F07FF52006ADC95 /* BadgeDetails.swift */ = {isa = PBXFileReference; lastKnownFileType = sourcecode.swift; path = BadgeDetails.swift; sourceTree = "<group>"; };
		62F5A1662F08EBD2006ADC95 /* Badge.swift */ = {isa = PBXFileReference; lastKnownFileType = sourcecode.swift; path = Badge.swift; sourceTree = "<group>"; };
		62F5A1682F08EEEB006ADC95 /* BadgeDetailView.swift */ = {isa = PBXFileReference; lastKnownFileType = sourcecode.swift; path = BadgeDetailView.swift; sourceTree = "<group>"; };
		62F5A16A2F090D45006ADC95 /* BadgeManager.swift */ = {isa = PBXFileReference; lastKnownFileType = sourcecode.swift; path = BadgeManager.swift; sourceTree = "<group>"; };
		62F5A16C2F0C1234006ADC95 /* AchievementsView.swift */ = {isa = PBXFileReference; lastKnownFileType = sourcecode.swift; path = AchievementsView.swift; sourceTree = "<group>"; };
/* End PBXFileReference section */

/* Begin PBXFrameworksBuildPhase section */
		62DE510D2ECC5B87008A7DEF /* Frameworks */ = {
			isa = PBXFrameworksBuildPhase;
			buildActionMask = 2147483647;
			files = (
			);
			runOnlyForDeploymentPostprocessing = 0;
		};
/* End PBXFrameworksBuildPhase section */

/* Begin PBXGroup section */
		6252EDF32F015FA80070511B /* Moments */ = {
			isa = PBXGroup;
			children = (
				6252EDF42F015FF00070511B /* MomentEntryView.swift */,
				628B83F22F040958006A0EA2 /* MomentsView.swift */,
				628B83F42F04267E006A0EA2 /* MomentDetailView.swift */,
				62F3F4E52F06B6B300296DE9 /* MomentHexagonView.swift */,
			);
			path = Moments;
			sourceTree = "<group>";
		};
		62C4C25E2F015F43006ED52E /* Custom Views */ = {
			isa = PBXGroup;
			children = (
				62F3F4E12F06A31900296DE9 /* Hexagon.swift */,
				62F3F4E32F06B45C00296DE9 /* HexagonLayout.swift */,
				6245DB222F0E195100110439 /* HexagonAccessoryView.swift */,
			);
			path = "Custom Views";
			sourceTree = "<group>";
		};
		62C4C25F2F015F51006ED52E /* Logic */ = {
			isa = PBXGroup;
			children = (
				628B83F02F025B67006A0EA2 /* DataContainer.swift */,
			);
			path = Logic;
			sourceTree = "<group>";
		};
		62C4C2602F015F5B006ED52E /* Models */ = {
			isa = PBXGroup;
			children = (
				628B83EE2F0257A3006A0EA2 /* Moment.swift */,
				62F5A1642F07FF52006ADC95 /* BadgeDetails.swift */,
				62F5A1662F08EBD2006ADC95 /* Badge.swift */,
				62F5A16A2F090D45006ADC95 /* BadgeManager.swift */,
			);
			path = Models;
			sourceTree = "<group>";
		};
		62C4C2612F015F63006ED52E /* Tabs */ = {
			isa = PBXGroup;
			children = (
				6252EDF32F015FA80070511B /* Moments */,
				62C4C2622F015F6C006ED52E /* Achievements */,
			);
			path = Tabs;
			sourceTree = "<group>";
		};
		62C4C2622F015F6C006ED52E /* Achievements */ = {
			isa = PBXGroup;
			children = (
				62F5A1682F08EEEB006ADC95 /* BadgeDetailView.swift */,
				6249F3502F0D6BF00076574F /* UnlockedBadgeView.swift */,
				62F5A16C2F0C1234006ADC95 /* AchievementsView.swift */,
				6249F34E2F0D692D0076574F /* LockedBadgeView.swift */,
			);
			path = Achievements;
			sourceTree = "<group>";
		};
		62DE51072ECC5B87008A7DEF = {
			isa = PBXGroup;
			children = (
				62DE51122ECC5B87008A7DEF /* GratefulMoments */,
				62DE51112ECC5B87008A7DEF /* Products */,
			);
			sourceTree = "<group>";
		};
		62DE51112ECC5B87008A7DEF /* Products */ = {
			isa = PBXGroup;
			children = (
				62DE51102ECC5B87008A7DEF /* GratefulMoments.app */,
			);
			name = Products;
			sourceTree = "<group>";
		};
		62DE51122ECC5B87008A7DEF /* GratefulMoments */ = {
			isa = PBXGroup;
			children = (
				62C4C2612F015F63006ED52E /* Tabs */,
				62C4C2602F015F5B006ED52E /* Models */,
				62C4C25F2F015F51006ED52E /* Logic */,
				62C4C25E2F015F43006ED52E /* Custom Views */,
				62DE51132ECC5B87008A7DEF /* GratefulMomentsApp.swift */,
				62DE51152ECC5B87008A7DEF /* ContentView.swift */,
				62DE51172ECC5B8B008A7DEF /* Assets.xcassets */,
				62DE51192ECC5B8B008A7DEF /* Preview Content */,
			);
			path = GratefulMoments;
			sourceTree = "<group>";
		};
		62DE51192ECC5B8B008A7DEF /* Preview Content */ = {
			isa = PBXGroup;
			children = (
				62DE511A2ECC5B8B008A7DEF /* Preview Assets.xcassets */,
			);
			path = "Preview Content";
			sourceTree = "<group>";
		};
/* End PBXGroup section */

/* Begin PBXNativeTarget section */
		62DE510F2ECC5B87008A7DEF /* GratefulMoments */ = {
			isa = PBXNativeTarget;
			buildConfigurationList = 62DE511E2ECC5B8B008A7DEF /* Build configuration list for PBXNativeTarget "GratefulMoments" */;
			buildPhases = (
				62DE510C2ECC5B87008A7DEF /* Sources */,
				62DE510D2ECC5B87008A7DEF /* Frameworks */,
				62DE510E2ECC5B87008A7DEF /* Resources */,
			);
			buildRules = (
			);
			dependencies = (
			);
			name = GratefulMoments;
			productName = GratefulMoments;
			productReference = 62DE51102ECC5B87008A7DEF /* GratefulMoments.app */;
			productType = "com.apple.product-type.application";
		};
/* End PBXNativeTarget section */

/* Begin PBXProject section */
		62DE51082ECC5B87008A7DEF /* Project object */ = {
			isa = PBXProject;
			attributes = {
				BuildIndependentTargetsInParallel = 1;
				LastSwiftUpdateCheck = 1510;
				LastUpgradeCheck = 1510;
				TargetAttributes = {
					62DE510F2ECC5B87008A7DEF = {
						CreatedOnToolsVersion = 15.1;
					};
				};
			};
			buildConfigurationList = 62DE510B2ECC5B87008A7DEF /* Build configuration list for PBXProject "GratefulMoments" */;
			compatibilityVersion = "Xcode 14.0";
			developmentRegion = en;
			hasScannedForEncodings = 0;
			knownRegions = (
				en,
				Base,
			);
			mainGroup = 62DE51072ECC5B87008A7DEF;
			productRefGroup = 62DE51112ECC5B87008A7DEF /* Products */;
			projectDirPath = "";
			projectRoot = "";
			targets = (
				62DE510F2ECC5B87008A7DEF /* GratefulMoments */,
			);
		};
/* End PBXProject section */

/* Begin PBXResourcesBuildPhase section */
		62DE510E2ECC5B87008A7DEF /* Resources */ = {
			isa = PBXResourcesBuildPhase;
			buildActionMask = 2147483647;
			files = (
				62DE511B2ECC5B8B008A7DEF /* Preview Assets.xcassets in Resources */,
				62DE51182ECC5B8B008A7DEF /* Assets.xcassets in Resources */,
			);
			runOnlyForDeploymentPostprocessing = 0;
		};
/* End PBXResourcesBuildPhase section */

/* Begin PBXSourcesBuildPhase section */
		62DE510C2ECC5B87008A7DEF /* Sources */ = {
			isa = PBXSourcesBuildPhase;
			buildActionMask = 2147483647;
			files = (
				6249F34F2F0D692D0076574F /* LockedBadgeView.swift in Sources */,
				6252EDF52F015FF00070511B /* MomentEntryView.swift in Sources */,
				62F5A1672F08EBD2006ADC95 /* Badge.swift in Sources */,
				62F5A1692F08EEEB006ADC95 /* BadgeDetailView.swift in Sources */,
				628B83F12F025B67006A0EA2 /* DataContainer.swift in Sources */,
				62F3F4E22F06A31900296DE9 /* Hexagon.swift in Sources */,
				62DE51162ECC5B87008A7DEF /* ContentView.swift in Sources */,
				62F5A1652F07FF52006ADC95 /* BadgeDetails.swift in Sources */,
				62F5A16D2F0C1234006ADC95 /* AchievementsView.swift in Sources */,
				62F5A16B2F090D45006ADC95 /* BadgeManager.swift in Sources */,
				6249F3512F0D6BF00076574F /* UnlockedBadgeView.swift in Sources */,
				62DE51142ECC5B87008A7DEF /* GratefulMomentsApp.swift in Sources */,
				62F3F4E62F06B6B300296DE9 /* MomentHexagonView.swift in Sources */,
				628B83F32F040958006A0EA2 /* MomentsView.swift in Sources */,
				6245DB232F0E195100110439 /* HexagonAccessoryView.swift in Sources */,
				628B83F52F04267E006A0EA2 /* MomentDetailView.swift in Sources */,
				62F3F4E42F06B45C00296DE9 /* HexagonLayout.swift in Sources */,
				628B83EF2F0257A3006A0EA2 /* Moment.swift in Sources */,
			);
			runOnlyForDeploymentPostprocessing = 0;
		};
/* End PBXSourcesBuildPhase section */

/* Begin XCBuildConfiguration section */
		62DE511C2ECC5B8B008A7DEF /* Debug */ = {
			isa = XCBuildConfiguration;
			buildSettings = {
				ALWAYS_SEARCH_USER_PATHS = NO;
				ASSETCATALOG_COMPILER_GENERATE_SWIFT_ASSET_SYMBOL_EXTENSIONS = YES;
				CLANG_ANALYZER_NONNULL = YES;
				CLANG_ANALYZER_NUMBER_OBJECT_CONVERSION = YES_AGGRESSIVE;
				CLANG_CXX_LANGUAGE_STANDARD = "gnu++20";
				CLANG_ENABLE_MODULES = YES;
				CLANG_ENABLE_OBJC_ARC = YES;
				CLANG_ENABLE_OBJC_WEAK = YES;
				CLANG_WARN_BLOCK_CAPTURE_AUTORELEASING = YES;
				CLANG_WARN_BOOL_CONVERSION = YES;
				CLANG_WARN_COMMA = YES;
				CLANG_WARN_CONSTANT_CONVERSION = YES;
				CLANG_WARN_DEPRECATED_OBJC_IMPLEMENTATIONS = YES;
				CLANG_WARN_DIRECT_OBJC_ISA_USAGE = YES_ERROR;
				CLANG_WARN_DOCUMENTATION_COMMENTS = YES;
				CLANG_WARN_EMPTY_BODY = YES;
				CLANG_WARN_ENUM_CONVERSION = YES;
				CLANG_WARN_INFINITE_RECURSION = YES;
				CLANG_WARN_INT_CONVERSION = YES;
				CLANG_WARN_NON_LITERAL_NULL_CONVERSION = YES;
				CLANG_WARN_OBJC_IMPLICIT_RETAIN_SELF = YES;
				CLANG_WARN_OBJC_LITERAL_CONVERSION = YES;
				CLANG_WARN_OBJC_ROOT_CLASS = YES_ERROR;
				CLANG_WARN_QUOTED_INCLUDE_IN_FRAMEWORK_HEADER = YES;
				CLANG_WARN_RANGE_LOOP_ANALYSIS = YES;
				CLANG_WARN_STRICT_PROTOTYPES = YES;
				CLANG_WARN_SUSPICIOUS_MOVE = YES;
				CLANG_WARN_UNGUARDED_AVAILABILITY = YES_AGGRESSIVE;
				CLANG_WARN_UNREACHABLE_CODE = YES;
				CLANG_WARN__DUPLICATE_METHOD_MATCH = YES;
				COPY_PHASE_STRIP = NO;
				DEBUG_INFORMATION_FORMAT = dwarf;
				ENABLE_STRICT_OBJC_MSGSEND = YES;
				ENABLE_TESTABILITY = YES;
				ENABLE_USER_SCRIPT_SANDBOXING = YES;
				GCC_C_LANGUAGE_STANDARD = gnu17;
				GCC_DYNAMIC_NO_PIC = NO;
				GCC_NO_COMMON_BLOCKS = YES;
				GCC_OPTIMIZATION_LEVEL = 0;
				GCC_PREPROCESSOR_DEFINITIONS = (
					"DEBUG=1",
					"$(inherited)",
				);
				GCC_WARN_64_TO_32_BIT_CONVERSION = YES;
				GCC_WARN_ABOUT_RETURN_TYPE = YES_ERROR;
				GCC_WARN_UNDECLARED_SELECTOR = YES;
				GCC_WARN_UNINITIALIZED_AUTOS = YES_AGGRESSIVE;
				GCC_WARN_UNUSED_FUNCTION = YES;
				GCC_WARN_UNUSED_VARIABLE = YES;
				IPHONEOS_DEPLOYMENT_TARGET = 17.2;
				LOCALIZATION_PREFERS_STRING_CATALOGS = YES;
				MTL_ENABLE_DEBUG_INFO = INCLUDE_SOURCE;
				MTL_FAST_MATH = YES;
				ONLY_ACTIVE_ARCH = YES;
				SDKROOT = iphoneos;
				SWIFT_ACTIVE_COMPILATION_CONDITIONS = "DEBUG $(inherited)";
				SWIFT_OPTIMIZATION_LEVEL = "-Onone";
			};
			name = Debug;
		};
		62DE511D2ECC5B8B008A7DEF /* Release */ = {
			isa = XCBuildConfiguration;
			buildSettings = {
				ALWAYS_SEARCH_USER_PATHS = NO;
				ASSETCATALOG_COMPILER_GENERATE_SWIFT_ASSET_SYMBOL_EXTENSIONS = YES;
				CLANG_ANALYZER_NONNULL = YES;
				CLANG_ANALYZER_NUMBER_OBJECT_CONVERSION = YES_AGGRESSIVE;
				CLANG_CXX_LANGUAGE_STANDARD = "gnu++20";
				CLANG_ENABLE_MODULES = YES;
				CLANG_ENABLE_OBJC_ARC = YES;
				CLANG_ENABLE_OBJC_WEAK = YES;
				CLANG_WARN_BLOCK_CAPTURE_AUTORELEASING = YES;
				CLANG_WARN_BOOL_CONVERSION = YES;
				CLANG_WARN_COMMA = YES;
				CLANG_WARN_CONSTANT_CONVERSION = YES;
				CLANG_WARN_DEPRECATED_OBJC_IMPLEMENTATIONS = YES;
				CLANG_WARN_DIRECT_OBJC_ISA_USAGE = YES_ERROR;
				CLANG_WARN_DOCUMENTATION_COMMENTS = YES;
				CLANG_WARN_EMPTY_BODY = YES;
				CLANG_WARN_ENUM_CONVERSION = YES;
				CLANG_WARN_INFINITE_RECURSION = YES;
				CLANG_WARN_INT_CONVERSION = YES;
				CLANG_WARN_NON_LITERAL_NULL_CONVERSION = YES;
				CLANG_WARN_OBJC_IMPLICIT_RETAIN_SELF = YES;
				CLANG_WARN_OBJC_LITERAL_CONVERSION = YES;
				CLANG_WARN_OBJC_ROOT_CLASS = YES_ERROR;
				CLANG_WARN_QUOTED_INCLUDE_IN_FRAMEWORK_HEADER = YES;
				CLANG_WARN_RANGE_LOOP_ANALYSIS = YES;
				CLANG_WARN_STRICT_PROTOTYPES = YES;
				CLANG_WARN_SUSPICIOUS_MOVE = YES;
				CLANG_WARN_UNGUARDED_AVAILABILITY = YES_AGGRESSIVE;
				CLANG_WARN_UNREACHABLE_CODE = YES;
				CLANG_WARN__DUPLICATE_METHOD_MATCH = YES;
				COPY_PHASE_STRIP = NO;
				DEBUG_INFORMATION_FORMAT = "dwarf-with-dsym";
				ENABLE_NS_ASSERTIONS = NO;
				ENABLE_STRICT_OBJC_MSGSEND = YES;
				ENABLE_USER_SCRIPT_SANDBOXING = YES;
				GCC_C_LANGUAGE_STANDARD = gnu17;
				GCC_NO_COMMON_BLOCKS = YES;
				GCC_WARN_64_TO_32_BIT_CONVERSION = YES;
				GCC_WARN_ABOUT_RETURN_TYPE = YES_ERROR;
				GCC_WARN_UNDECLARED_SELECTOR = YES;
				GCC_WARN_UNINITIALIZED_AUTOS = YES_AGGRESSIVE;
				GCC_WARN_UNUSED_FUNCTION = YES;
				GCC_WARN_UNUSED_VARIABLE = YES;
				IPHONEOS_DEPLOYMENT_TARGET = 17.2;
				LOCALIZATION_PREFERS_STRING_CATALOGS = YES;
				MTL_ENABLE_DEBUG_INFO = NO;
				MTL_FAST_MATH = YES;
				SDKROOT = iphoneos;
				SWIFT_COMPILATION_MODE = wholemodule;
				VALIDATE_PRODUCT = YES;
			};
			name = Release;
		};
		62DE511F2ECC5B8B008A7DEF /* Debug */ = {
			isa = XCBuildConfiguration;
			buildSettings = {
				ASSETCATALOG_COMPILER_APPICON_NAME = AppIcon;
				ASSETCATALOG_COMPILER_GLOBAL_ACCENT_COLOR_NAME = AccentColor;
				CODE_SIGN_STYLE = Automatic;
				CURRENT_PROJECT_VERSION = 1;
				DEVELOPMENT_ASSET_PATHS = "\"GratefulMoments/Preview Content\"";
				DEVELOPMENT_TEAM = UTDRNA569G;
				ENABLE_PREVIEWS = YES;
				GENERATE_INFOPLIST_FILE = YES;
				INFOPLIST_KEY_UIApplicationSceneManifest_Generation = YES;
				INFOPLIST_KEY_UIApplicationSupportsIndirectInputEvents = YES;
				INFOPLIST_KEY_UILaunchScreen_Generation = YES;
				INFOPLIST_KEY_UISupportedInterfaceOrientations_iPad = "UIInterfaceOrientationPortrait UIInterfaceOrientationPortraitUpsideDown UIInterfaceOrientationLandscapeLeft UIInterfaceOrientationLandscapeRight";
				INFOPLIST_KEY_UISupportedInterfaceOrientations_iPhone = "UIInterfaceOrientationPortrait UIInterfaceOrientationLandscapeLeft UIInterfaceOrientationLandscapeRight";
				LD_RUNPATH_SEARCH_PATHS = (
					"$(inherited)",
					"@executable_path/Frameworks",
				);
				MARKETING_VERSION = 1.0;
				PRODUCT_BUNDLE_IDENTIFIER = baiaskhat.application.GratefulMoments;
				PRODUCT_NAME = "$(TARGET_NAME)";
				SWIFT_EMIT_LOC_STRINGS = YES;
				SWIFT_VERSION = 5.0;
				TARGETED_DEVICE_FAMILY = "1,2";
			};
			name = Debug;
		};
		62DE51202ECC5B8B008A7DEF /* Release */ = {
			isa = XCBuildConfiguration;
			buildSettings = {
				ASSETCATALOG_COMPILER_APPICON_NAME = AppIcon;
				ASSETCATALOG_COMPILER_GLOBAL_ACCENT_COLOR_NAME = AccentColor;
				CODE_SIGN_STYLE = Automatic;
				CURRENT_PROJECT_VERSION = 1;
				DEVELOPMENT_ASSET_PATHS = "\"GratefulMoments/Preview Content\"";
				DEVELOPMENT_TEAM = UTDRNA569G;
				ENABLE_PREVIEWS = YES;
				GENERATE_INFOPLIST_FILE = YES;
				INFOPLIST_KEY_UIApplicationSceneManifest_Generation = YES;
				INFOPLIST_KEY_UIApplicationSupportsIndirectInputEvents = YES;
				INFOPLIST_KEY_UILaunchScreen_Generation = YES;
				INFOPLIST_KEY_UISupportedInterfaceOrientations_iPad = "UIInterfaceOrientationPortrait UIInterfaceOrientationPortraitUpsideDown UIInterfaceOrientationLandscapeLeft UIInterfaceOrientationLandscapeRight";
				INFOPLIST_KEY_UISupportedInterfaceOrientations_iPhone = "UIInterfaceOrientationPortrait UIInterfaceOrientationLandscapeLeft UIInterfaceOrientationLandscapeRight";
				LD_RUNPATH_SEARCH_PATHS = (
					"$(inherited)",
					"@executable_path/Frameworks",
				);
				MARKETING_VERSION = 1.0;
				PRODUCT_BUNDLE_IDENTIFIER = baiaskhat.application.GratefulMoments;
				PRODUCT_NAME = "$(TARGET_NAME)";
				SWIFT_EMIT_LOC_STRINGS = YES;
				SWIFT_VERSION = 5.0;
				TARGETED_DEVICE_FAMILY = "1,2";
			};
			name = Release;
		};
/* End XCBuildConfiguration section */

/* Begin XCConfigurationList section */
		62DE510B2ECC5B87008A7DEF /* Build configuration list for PBXProject "GratefulMoments" */ = {
			isa = XCConfigurationList;
			buildConfigurations = (
				62DE511C2ECC5B8B008A7DEF /* Debug */,
				62DE511D2ECC5B8B008A7DEF /* Release */,
			);
			defaultConfigurationIsVisible = 0;
			defaultConfigurationName = Release;
		};
		62DE511E2ECC5B8B008A7DEF /* Build configuration list for PBXNativeTarget "GratefulMoments" */ = {
			isa = XCConfigurationList;
			buildConfigurations = (
				62DE511F2ECC5B8B008A7DEF /* Debug */,
				62DE51202ECC5B8B008A7DEF /* Release */,
			);
			defaultConfigurationIsVisible = 0;
			defaultConfigurationName = Release;
		};
/* End XCConfigurationList section */
	};
	rootObject = 62DE51082ECC5B87008A7DEF /* Project object */;
}
